
Microsoft Visual Studio Solution File, Format Version 12.00
# Visual Studio 14
VisualStudioVersion = 14.0.25123.0
MinimumVisualStudioVersion = 10.0.40219.1
Project("{F2A71F9B-5D33-465A-A702-920D77279786}") = "Stripper", "Stripper\Stripper.fsproj", "{9A941AA5-2A0A-4939-8380-DA115A27199F}"
EndProject
Project("{2150E333-8FDC-42A3-9474-1A3956D46DE8}") = "paket", "paket", "{B7135EA8-C40A-4C86-AA96-EB7D62A8671C}"
	ProjectSection(SolutionItems) = preProject
		paket.dependencies = paket.dependencies
	EndProjectSection
EndProject
Project("{2150E333-8FDC-42A3-9474-1A3956D46DE8}") = "Tests", "Tests", "{580E55F9-6BE1-4928-B857-D09F855838B4}"
EndProject
Project("{FAE04EC0-301F-11D3-BF4B-00C04F79EFBC}") = "TestAssembly", "TestAssemblies\1\TestAssembly\TestAssembly.csproj", "{9F34E299-9404-4A58-AE29-9A3FA45E474C}"
EndProject
Project("{2150E333-8FDC-42A3-9474-1A3956D46DE8}") = "TestAssemblies", "TestAssemblies", "{AD76DA97-AA24-43A4-9985-10B8C15BC64F}"
EndProject
Project("{2150E333-8FDC-42A3-9474-1A3956D46DE8}") = "1", "1", "{1E7C766D-2B7C-4904-BA18-ED7334FADCFD}"
EndProject
Project("{2150E333-8FDC-42A3-9474-1A3956D46DE8}") = "2", "2", "{D0D5DB4E-157A-4F2D-9D26-022AAD5003D1}"
EndProject
Project("{2150E333-8FDC-42A3-9474-1A3956D46DE8}") = "3", "3", "{B46D40B3-6D47-47EF-B2AD-53F8A01F7E99}"
EndProject
Project("{FAE04EC0-301F-11D3-BF4B-00C04F79EFBC}") = "TestAssembly", "TestAssemblies\2\TestAssembly\TestAssembly.csproj", "{76731D7C-DD77-4164-8800-14C910A95409}"
EndProject
Project("{FAE04EC0-301F-11D3-BF4B-00C04F79EFBC}") = "TestAssembly", "TestAssemblies\3\TestAssembly\TestAssembly.csproj", "{DA34E816-DC34-4B9D-A35B-F80699CDF63D}"
EndProject
Project("{FAE04EC0-301F-11D3-BF4B-00C04F79EFBC}") = "TestRunner", "TestRunner\TestRunner.csproj", "{2EDCB462-9E10-4282-929E-07097A10847E}"
EndProject
Global
	GlobalSection(SolutionConfigurationPlatforms) = preSolution
		Debug|Any CPU = Debug|Any CPU
		Release|Any CPU = Release|Any CPU
	EndGlobalSection
	GlobalSection(ProjectConfigurationPlatforms) = postSolution
		{9A941AA5-2A0A-4939-8380-DA115A27199F}.Debug|Any CPU.ActiveCfg = Debug|Any CPU
		{9A941AA5-2A0A-4939-8380-DA115A27199F}.Debug|Any CPU.Build.0 = Debug|Any CPU
		{9A941AA5-2A0A-4939-8380-DA115A27199F}.Release|Any CPU.ActiveCfg = Release|Any CPU
		{9A941AA5-2A0A-4939-8380-DA115A27199F}.Release|Any CPU.Build.0 = Release|Any CPU
		{9F34E299-9404-4A58-AE29-9A3FA45E474C}.Debug|Any CPU.ActiveCfg = Debug|Any CPU
		{9F34E299-9404-4A58-AE29-9A3FA45E474C}.Debug|Any CPU.Build.0 = Debug|Any CPU
		{9F34E299-9404-4A58-AE29-9A3FA45E474C}.Release|Any CPU.ActiveCfg = Release|Any CPU
		{9F34E299-9404-4A58-AE29-9A3FA45E474C}.Release|Any CPU.Build.0 = Release|Any CPU
		{76731D7C-DD77-4164-8800-14C910A95409}.Debug|Any CPU.ActiveCfg = Debug|Any CPU
		{76731D7C-DD77-4164-8800-14C910A95409}.Debug|Any CPU.Build.0 = Debug|Any CPU
		{76731D7C-DD77-4164-8800-14C910A95409}.Release|Any CPU.ActiveCfg = Release|Any CPU
		{76731D7C-DD77-4164-8800-14C910A95409}.Release|Any CPU.Build.0 = Release|Any CPU
		{DA34E816-DC34-4B9D-A35B-F80699CDF63D}.Debug|Any CPU.ActiveCfg = Debug|Any CPU
		{DA34E816-DC34-4B9D-A35B-F80699CDF63D}.Debug|Any CPU.Build.0 = Debug|Any CPU
		{DA34E816-DC34-4B9D-A35B-F80699CDF63D}.Release|Any CPU.ActiveCfg = Release|Any CPU
		{DA34E816-DC34-4B9D-A35B-F80699CDF63D}.Release|Any CPU.Build.0 = Release|Any CPU
		{2EDCB462-9E10-4282-929E-07097A10847E}.Debug|Any CPU.ActiveCfg = Debug|Any CPU
		{2EDCB462-9E10-4282-929E-07097A10847E}.Debug|Any CPU.Build.0 = Debug|Any CPU
		{2EDCB462-9E10-4282-929E-07097A10847E}.Release|Any CPU.ActiveCfg = Release|Any CPU
		{2EDCB462-9E10-4282-929E-07097A10847E}.Release|Any CPU.Build.0 = Release|Any CPU
	EndGlobalSection
	GlobalSection(SolutionProperties) = preSolution
		HideSolutionNode = FALSE
	EndGlobalSection
	GlobalSection(NestedProjects) = preSolution
		{9F34E299-9404-4A58-AE29-9A3FA45E474C} = {1E7C766D-2B7C-4904-BA18-ED7334FADCFD}
		{AD76DA97-AA24-43A4-9985-10B8C15BC64F} = {580E55F9-6BE1-4928-B857-D09F855838B4}
		{1E7C766D-2B7C-4904-BA18-ED7334FADCFD} = {AD76DA97-AA24-43A4-9985-10B8C15BC64F}
		{D0D5DB4E-157A-4F2D-9D26-022AAD5003D1} = {AD76DA97-AA24-43A4-9985-10B8C15BC64F}
		{B46D40B3-6D47-47EF-B2AD-53F8A01F7E99} = {AD76DA97-AA24-43A4-9985-10B8C15BC64F}
		{76731D7C-DD77-4164-8800-14C910A95409} = {D0D5DB4E-157A-4F2D-9D26-022AAD5003D1}
		{DA34E816-DC34-4B9D-A35B-F80699CDF63D} = {B46D40B3-6D47-47EF-B2AD-53F8A01F7E99}
		{2EDCB462-9E10-4282-929E-07097A10847E} = {580E55F9-6BE1-4928-B857-D09F855838B4}
	EndGlobalSection
EndGlobal
